// !$*UTF8*$!
{
	archiveVersion = 1;
	classes = {
	};
	objectVersion = 46;
	objects = {

/* Begin PBXBuildFile section */
		DE1C11BB1E273C5F00D8E393 /* Untitled.json in Resources */ = {isa = PBXBuildFile; fileRef = DE1C11BA1E273C5E00D8E393 /* Untitled.json */; };
		DE1C11BE1E27930200D8E393 /* ListModel.m in Sources */ = {isa = PBXBuildFile; fileRef = DE1C11BD1E27930200D8E393 /* ListModel.m */; };
		DE1C11C11E288CDC00D8E393 /* TokenViewController.m in Sources */ = {isa = PBXBuildFile; fileRef = DE1C11C01E288CDC00D8E393 /* TokenViewController.m */; };
		DE67B6ED1E1E262D0071161F /* main.m in Sources */ = {isa = PBXBuildFile; fileRef = DE67B6EC1E1E262D0071161F /* main.m */; };
		DE67B6F01E1E262D0071161F /* AppDelegate.m in Sources */ = {isa = PBXBuildFile; fileRef = DE67B6EF1E1E262D0071161F /* AppDelegate.m */; };
		DE67B6F31E1E262D0071161F /* ViewController.m in Sources */ = {isa = PBXBuildFile; fileRef = DE67B6F21E1E262D0071161F /* ViewController.m */; };
		DE67B6F61E1E262D0071161F /* Main.storyboard in Resources */ = {isa = PBXBuildFile; fileRef = DE67B6F41E1E262D0071161F /* Main.storyboard */; };
		DE67B6F81E1E262D0071161F /* Assets.xcassets in Resources */ = {isa = PBXBuildFile; fileRef = DE67B6F71E1E262D0071161F /* Assets.xcassets */; };
		DE67B6FB1E1E262D0071161F /* LaunchScreen.storyboard in Resources */ = {isa = PBXBuildFile; fileRef = DE67B6F91E1E262D0071161F /* LaunchScreen.storyboard */; };
		DE67B7161E1E26900071161F /* UsersViewController.m in Sources */ = {isa = PBXBuildFile; fileRef = DE67B70A1E1E26900071161F /* UsersViewController.m */; };
		DE67B7171E1E26900071161F /* ChatViewController.m in Sources */ = {isa = PBXBuildFile; fileRef = DE67B70D1E1E26900071161F /* ChatViewController.m */; };
		DE67B7181E1E26900071161F /* MainViewController.m in Sources */ = {isa = PBXBuildFile; fileRef = DE67B70F1E1E26900071161F /* MainViewController.m */; };
		DE67B72F1E1E27E50071161F /* AFHTTPRequestOperation.m in Sources */ = {isa = PBXBuildFile; fileRef = DE67B71D1E1E27E50071161F /* AFHTTPRequestOperation.m */; };
		DE67B7301E1E27E50071161F /* AFHTTPRequestOperationManager.m in Sources */ = {isa = PBXBuildFile; fileRef = DE67B71F1E1E27E50071161F /* AFHTTPRequestOperationManager.m */; };
		DE67B7311E1E27E50071161F /* AFHTTPSessionManager.m in Sources */ = {isa = PBXBuildFile; fileRef = DE67B7211E1E27E50071161F /* AFHTTPSessionManager.m */; };
		DE67B7321E1E27E50071161F /* AFNetworkReachabilityManager.m in Sources */ = {isa = PBXBuildFile; fileRef = DE67B7241E1E27E50071161F /* AFNetworkReachabilityManager.m */; };
		DE67B7331E1E27E50071161F /* AFSecurityPolicy.m in Sources */ = {isa = PBXBuildFile; fileRef = DE67B7261E1E27E50071161F /* AFSecurityPolicy.m */; };
		DE67B7341E1E27E50071161F /* AFURLConnectionOperation.m in Sources */ = {isa = PBXBuildFile; fileRef = DE67B7281E1E27E50071161F /* AFURLConnectionOperation.m */; };
		DE67B7351E1E27E50071161F /* AFURLRequestSerialization.m in Sources */ = {isa = PBXBuildFile; fileRef = DE67B72A1E1E27E50071161F /* AFURLRequestSerialization.m */; };
		DE67B7361E1E27E50071161F /* AFURLResponseSerialization.m in Sources */ = {isa = PBXBuildFile; fileRef = DE67B72C1E1E27E50071161F /* AFURLResponseSerialization.m */; };
		DE67B7371E1E27E50071161F /* AFURLSessionManager.m in Sources */ = {isa = PBXBuildFile; fileRef = DE67B72E1E1E27E50071161F /* AFURLSessionManager.m */; };
		DE67B73C1E1E37FD0071161F /* HttpsManager.m in Sources */ = {isa = PBXBuildFile; fileRef = DE67B73B1E1E37FD0071161F /* HttpsManager.m */; };
		DE67B7881E2487060071161F /* HttpRequest.m in Sources */ = {isa = PBXBuildFile; fileRef = DE67B7871E2487060071161F /* HttpRequest.m */; };
		DE7CEC9D1E249531007ABB4A /* UserModel.m in Sources */ = {isa = PBXBuildFile; fileRef = DE7CEC9C1E249531007ABB4A /* UserModel.m */; };
		DEBB2AFF1E24D8AB00EC7391 /* ListCell.m in Sources */ = {isa = PBXBuildFile; fileRef = DEBB2AFE1E24D8AB00EC7391 /* ListCell.m */; };
/* End PBXBuildFile section */

/* Begin PBXFileReference section */
		DE1C11BA1E273C5E00D8E393 /* Untitled.json */ = {isa = PBXFileReference; fileEncoding = 4; lastKnownFileType = text.json; path = Untitled.json; sourceTree = "<group>"; };
		DE1C11BC1E27930200D8E393 /* ListModel.h */ = {isa = PBXFileReference; fileEncoding = 4; lastKnownFileType = sourcecode.c.h; path = ListModel.h; sourceTree = "<group>"; };
		DE1C11BD1E27930200D8E393 /* ListModel.m */ = {isa = PBXFileReference; fileEncoding = 4; lastKnownFileType = sourcecode.c.objc; path = ListModel.m; sourceTree = "<group>"; };
		DE1C11BF1E288CDC00D8E393 /* TokenViewController.h */ = {isa = PBXFileReference; fileEncoding = 4; lastKnownFileType = sourcecode.c.h; path = TokenViewController.h; sourceTree = "<group>"; };
		DE1C11C01E288CDC00D8E393 /* TokenViewController.m */ = {isa = PBXFileReference; fileEncoding = 4; lastKnownFileType = sourcecode.c.objc; path = TokenViewController.m; sourceTree = "<group>"; };
		DE67B6E81E1E262D0071161F /* TestInterface.app */ = {isa = PBXFileReference; explicitFileType = wrapper.application; includeInIndex = 0; path = TestInterface.app; sourceTree = BUILT_PRODUCTS_DIR; };
		DE67B6EC1E1E262D0071161F /* main.m */ = {isa = PBXFileReference; lastKnownFileType = sourcecode.c.objc; path = main.m; sourceTree = "<group>"; };
		DE67B6EE1E1E262D0071161F /* AppDelegate.h */ = {isa = PBXFileReference; lastKnownFileType = sourcecode.c.h; path = AppDelegate.h; sourceTree = "<group>"; };
		DE67B6EF1E1E262D0071161F /* AppDelegate.m */ = {isa = PBXFileReference; lastKnownFileType = sourcecode.c.objc; path = AppDelegate.m; sourceTree = "<group>"; };
		DE67B6F11E1E262D0071161F /* ViewController.h */ = {isa = PBXFileReference; lastKnownFileType = sourcecode.c.h; path = ViewController.h; sourceTree = "<group>"; };
		DE67B6F21E1E262D0071161F /* ViewController.m */ = {isa = PBXFileReference; lastKnownFileType = sourcecode.c.objc; path = ViewController.m; sourceTree = "<group>"; };
		DE67B6F51E1E262D0071161F /* Base */ = {isa = PBXFileReference; lastKnownFileType = file.storyboard; name = Base; path = Base.lproj/Main.storyboard; sourceTree = "<group>"; };
		DE67B6F71E1E262D0071161F /* Assets.xcassets */ = {isa = PBXFileReference; lastKnownFileType = folder.assetcatalog; path = Assets.xcassets; sourceTree = "<group>"; };
		DE67B6FA1E1E262D0071161F /* Base */ = {isa = PBXFileReference; lastKnownFileType = file.storyboard; name = Base; path = Base.lproj/LaunchScreen.storyboard; sourceTree = "<group>"; };
		DE67B6FC1E1E262D0071161F /* Info.plist */ = {isa = PBXFileReference; lastKnownFileType = text.plist.xml; path = Info.plist; sourceTree = "<group>"; };
		DE67B7091E1E26900071161F /* UsersViewController.h */ = {isa = PBXFileReference; fileEncoding = 4; lastKnownFileType = sourcecode.c.h; path = UsersViewController.h; sourceTree = "<group>"; };
		DE67B70A1E1E26900071161F /* UsersViewController.m */ = {isa = PBXFileReference; fileEncoding = 4; lastKnownFileType = sourcecode.c.objc; path = UsersViewController.m; sourceTree = "<group>"; };
		DE67B70C1E1E26900071161F /* ChatViewController.h */ = {isa = PBXFileReference; fileEncoding = 4; lastKnownFileType = sourcecode.c.h; path = ChatViewController.h; sourceTree = "<group>"; };
		DE67B70D1E1E26900071161F /* ChatViewController.m */ = {isa = PBXFileReference; fileEncoding = 4; lastKnownFileType = sourcecode.c.objc; path = ChatViewController.m; sourceTree = "<group>"; };
		DE67B70E1E1E26900071161F /* MainViewController.h */ = {isa = PBXFileReference; fileEncoding = 4; lastKnownFileType = sourcecode.c.h; path = MainViewController.h; sourceTree = "<group>"; };
		DE67B70F1E1E26900071161F /* MainViewController.m */ = {isa = PBXFileReference; fileEncoding = 4; lastKnownFileType = sourcecode.c.objc; path = MainViewController.m; sourceTree = "<group>"; };
		DE67B71C1E1E27E50071161F /* AFHTTPRequestOperation.h */ = {isa = PBXFileReference; fileEncoding = 4; lastKnownFileType = sourcecode.c.h; path = AFHTTPRequestOperation.h; sourceTree = "<group>"; };
		DE67B71D1E1E27E50071161F /* AFHTTPRequestOperation.m */ = {isa = PBXFileReference; fileEncoding = 4; lastKnownFileType = sourcecode.c.objc; path = AFHTTPRequestOperation.m; sourceTree = "<group>"; };
		DE67B71E1E1E27E50071161F /* AFHTTPRequestOperationManager.h */ = {isa = PBXFileReference; fileEncoding = 4; lastKnownFileType = sourcecode.c.h; path = AFHTTPRequestOperationManager.h; sourceTree = "<group>"; };
		DE67B71F1E1E27E50071161F /* AFHTTPRequestOperationManager.m */ = {isa = PBXFileReference; fileEncoding = 4; lastKnownFileType = sourcecode.c.objc; path = AFHTTPRequestOperationManager.m; sourceTree = "<group>"; };
		DE67B7201E1E27E50071161F /* AFHTTPSessionManager.h */ = {isa = PBXFileReference; fileEncoding = 4; lastKnownFileType = sourcecode.c.h; path = AFHTTPSessionManager.h; sourceTree = "<group>"; };
		DE67B7211E1E27E50071161F /* AFHTTPSessionManager.m */ = {isa = PBXFileReference; fileEncoding = 4; lastKnownFileType = sourcecode.c.objc; path = AFHTTPSessionManager.m; sourceTree = "<group>"; };
		DE67B7221E1E27E50071161F /* AFNetworking.h */ = {isa = PBXFileReference; fileEncoding = 4; lastKnownFileType = sourcecode.c.h; path = AFNetworking.h; sourceTree = "<group>"; };
		DE67B7231E1E27E50071161F /* AFNetworkReachabilityManager.h */ = {isa = PBXFileReference; fileEncoding = 4; lastKnownFileType = sourcecode.c.h; path = AFNetworkReachabilityManager.h; sourceTree = "<group>"; };
		DE67B7241E1E27E50071161F /* AFNetworkReachabilityManager.m */ = {isa = PBXFileReference; fileEncoding = 4; lastKnownFileType = sourcecode.c.objc; path = AFNetworkReachabilityManager.m; sourceTree = "<group>"; };
		DE67B7251E1E27E50071161F /* AFSecurityPolicy.h */ = {isa = PBXFileReference; fileEncoding = 4; lastKnownFileType = sourcecode.c.h; path = AFSecurityPolicy.h; sourceTree = "<group>"; };
		DE67B7261E1E27E50071161F /* AFSecurityPolicy.m */ = {isa = PBXFileReference; fileEncoding = 4; lastKnownFileType = sourcecode.c.objc; path = AFSecurityPolicy.m; sourceTree = "<group>"; };
		DE67B7271E1E27E50071161F /* AFURLConnectionOperation.h */ = {isa = PBXFileReference; fileEncoding = 4; lastKnownFileType = sourcecode.c.h; path = AFURLConnectionOperation.h; sourceTree = "<group>"; };
		DE67B7281E1E27E50071161F /* AFURLConnectionOperation.m */ = {isa = PBXFileReference; fileEncoding = 4; lastKnownFileType = sourcecode.c.objc; path = AFURLConnectionOperation.m; sourceTree = "<group>"; };
		DE67B7291E1E27E50071161F /* AFURLRequestSerialization.h */ = {isa = PBXFileReference; fileEncoding = 4; lastKnownFileType = sourcecode.c.h; path = AFURLRequestSerialization.h; sourceTree = "<group>"; };
		DE67B72A1E1E27E50071161F /* AFURLRequestSerialization.m */ = {isa = PBXFileReference; fileEncoding = 4; lastKnownFileType = sourcecode.c.objc; path = AFURLRequestSerialization.m; sourceTree = "<group>"; };
		DE67B72B1E1E27E50071161F /* AFURLResponseSerialization.h */ = {isa = PBXFileReference; fileEncoding = 4; lastKnownFileType = sourcecode.c.h; path = AFURLResponseSerialization.h; sourceTree = "<group>"; };
		DE67B72C1E1E27E50071161F /* AFURLResponseSerialization.m */ = {isa = PBXFileReference; fileEncoding = 4; lastKnownFileType = sourcecode.c.objc; path = AFURLResponseSerialization.m; sourceTree = "<group>"; };
		DE67B72D1E1E27E50071161F /* AFURLSessionManager.h */ = {isa = PBXFileReference; fileEncoding = 4; lastKnownFileType = sourcecode.c.h; path = AFURLSessionManager.h; sourceTree = "<group>"; };
		DE67B72E1E1E27E50071161F /* AFURLSessionManager.m */ = {isa = PBXFileReference; fileEncoding = 4; lastKnownFileType = sourcecode.c.objc; path = AFURLSessionManager.m; sourceTree = "<group>"; };
		DE67B7381E1E28810071161F /* Header.h */ = {isa = PBXFileReference; fileEncoding = 4; lastKnownFileType = sourcecode.c.h; path = Header.h; sourceTree = "<group>"; };
		DE67B7391E1E28A60071161F /* PrefixHeader.pch */ = {isa = PBXFileReference; lastKnownFileType = sourcecode.c.h; path = PrefixHeader.pch; sourceTree = "<group>"; };
		DE67B73A1E1E37FD0071161F /* HttpsManager.h */ = {isa = PBXFileReference; fileEncoding = 4; lastKnownFileType = sourcecode.c.h; path = HttpsManager.h; sourceTree = "<group>"; };
		DE67B73B1E1E37FD0071161F /* HttpsManager.m */ = {isa = PBXFileReference; fileEncoding = 4; lastKnownFileType = sourcecode.c.objc; path = HttpsManager.m; sourceTree = "<group>"; };
		DE67B7861E2487060071161F /* HttpRequest.h */ = {isa = PBXFileReference; fileEncoding = 4; lastKnownFileType = sourcecode.c.h; path = HttpRequest.h; sourceTree = "<group>"; };
		DE67B7871E2487060071161F /* HttpRequest.m */ = {isa = PBXFileReference; fileEncoding = 4; lastKnownFileType = sourcecode.c.objc; path = HttpRequest.m; sourceTree = "<group>"; };
		DE7CEC9B1E249531007ABB4A /* UserModel.h */ = {isa = PBXFileReference; fileEncoding = 4; lastKnownFileType = sourcecode.c.h; path = UserModel.h; sourceTree = "<group>"; };
		DE7CEC9C1E249531007ABB4A /* UserModel.m */ = {isa = PBXFileReference; fileEncoding = 4; lastKnownFileType = sourcecode.c.objc; path = UserModel.m; sourceTree = "<group>"; };
		DEBB2AFD1E24D8AB00EC7391 /* ListCell.h */ = {isa = PBXFileReference; fileEncoding = 4; lastKnownFileType = sourcecode.c.h; path = ListCell.h; sourceTree = "<group>"; };
		DEBB2AFE1E24D8AB00EC7391 /* ListCell.m */ = {isa = PBXFileReference; fileEncoding = 4; lastKnownFileType = sourcecode.c.objc; path = ListCell.m; sourceTree = "<group>"; };
/* End PBXFileReference section */

/* Begin PBXFrameworksBuildPhase section */
		DE67B6E51E1E262C0071161F /* Frameworks */ = {
			isa = PBXFrameworksBuildPhase;
			buildActionMask = 2147483647;
			files = (
			);
			runOnlyForDeploymentPostprocessing = 0;
		};
/* End PBXFrameworksBuildPhase section */

/* Begin PBXGroup section */
		DE67B6DF1E1E262C0071161F = {
			isa = PBXGroup;
			children = (
				DE1C11BA1E273C5E00D8E393 /* Untitled.json */,
				DE67B71A1E1E27E50071161F /* Libs */,
				DE67B7021E1E26900071161F /* BuddyList */,
				DE67B70B1E1E26900071161F /* Chat */,
				DE67B7101E1E26900071161F /* Request */,
				DE67B6EA1E1E262D0071161F /* TestInterface */,
				DE67B6E91E1E262D0071161F /* Products */,
			);
			sourceTree = "<group>";
		};
		DE67B6E91E1E262D0071161F /* Products */ = {
			isa = PBXGroup;
			children = (
				DE67B6E81E1E262D0071161F /* TestInterface.app */,
			);
			name = Products;
			sourceTree = "<group>";
		};
		DE67B6EA1E1E262D0071161F /* TestInterface */ = {
			isa = PBXGroup;
			children = (
				DE67B70E1E1E26900071161F /* MainViewController.h */,
				DE67B70F1E1E26900071161F /* MainViewController.m */,
				DE67B6EE1E1E262D0071161F /* AppDelegate.h */,
				DE67B6EF1E1E262D0071161F /* AppDelegate.m */,
				DE67B6F11E1E262D0071161F /* ViewController.h */,
				DE67B6F21E1E262D0071161F /* ViewController.m */,
				DE67B6F41E1E262D0071161F /* Main.storyboard */,
				DE67B6F71E1E262D0071161F /* Assets.xcassets */,
				DE67B6F91E1E262D0071161F /* LaunchScreen.storyboard */,
				DE67B7391E1E28A60071161F /* PrefixHeader.pch */,
				DE67B7381E1E28810071161F /* Header.h */,
				DE67B6FC1E1E262D0071161F /* Info.plist */,
				DE67B6EB1E1E262D0071161F /* Supporting Files */,
			);
			path = TestInterface;
			sourceTree = "<group>";
		};
		DE67B6EB1E1E262D0071161F /* Supporting Files */ = {
			isa = PBXGroup;
			children = (
				DE67B6EC1E1E262D0071161F /* main.m */,
			);
			name = "Supporting Files";
			sourceTree = "<group>";
		};
		DE67B7021E1E26900071161F /* BuddyList */ = {
			isa = PBXGroup;
			children = (
				DE67B7091E1E26900071161F /* UsersViewController.h */,
				DE67B70A1E1E26900071161F /* UsersViewController.m */,
			);
			name = BuddyList;
			path = TestInterface/BuddyList;
			sourceTree = "<group>";
		};
		DE67B70B1E1E26900071161F /* Chat */ = {
			isa = PBXGroup;
			children = (
				DE67B70C1E1E26900071161F /* ChatViewController.h */,
				DE67B70D1E1E26900071161F /* ChatViewController.m */,
				DE1C11BF1E288CDC00D8E393 /* TokenViewController.h */,
				DE1C11C01E288CDC00D8E393 /* TokenViewController.m */,
			);
			name = Chat;
			path = TestInterface/Chat;
			sourceTree = "<group>";
		};
		DE67B7101E1E26900071161F /* Request */ = {
			isa = PBXGroup;
			children = (
				DE67B73A1E1E37FD0071161F /* HttpsManager.h */,
				DE67B73B1E1E37FD0071161F /* HttpsManager.m */,
				DE67B7861E2487060071161F /* HttpRequest.h */,
				DE67B7871E2487060071161F /* HttpRequest.m */,
				DE1C11BC1E27930200D8E393 /* ListModel.h */,
				DE1C11BD1E27930200D8E393 /* ListModel.m */,
				DE7CEC9B1E249531007ABB4A /* UserModel.h */,
				DE7CEC9C1E249531007ABB4A /* UserModel.m */,
				DEBB2AFD1E24D8AB00EC7391 /* ListCell.h */,
				DEBB2AFE1E24D8AB00EC7391 /* ListCell.m */,
			);
			name = Request;
			path = TestInterface/Request;
			sourceTree = "<group>";
		};
		DE67B71A1E1E27E50071161F /* Libs */ = {
			isa = PBXGroup;
			children = (
				DE67B71B1E1E27E50071161F /* AFNetworking */,
			);
			name = Libs;
			path = TestInterface/Libs;
			sourceTree = "<group>";
		};
		DE67B71B1E1E27E50071161F /* AFNetworking */ = {
			isa = PBXGroup;
			children = (
				DE67B71C1E1E27E50071161F /* AFHTTPRequestOperation.h */,
				DE67B71D1E1E27E50071161F /* AFHTTPRequestOperation.m */,
				DE67B71E1E1E27E50071161F /* AFHTTPRequestOperationManager.h */,
				DE67B71F1E1E27E50071161F /* AFHTTPRequestOperationManager.m */,
				DE67B7201E1E27E50071161F /* AFHTTPSessionManager.h */,
				DE67B7211E1E27E50071161F /* AFHTTPSessionManager.m */,
				DE67B7221E1E27E50071161F /* AFNetworking.h */,
				DE67B7231E1E27E50071161F /* AFNetworkReachabilityManager.h */,
				DE67B7241E1E27E50071161F /* AFNetworkReachabilityManager.m */,
				DE67B7251E1E27E50071161F /* AFSecurityPolicy.h */,
				DE67B7261E1E27E50071161F /* AFSecurityPolicy.m */,
				DE67B7271E1E27E50071161F /* AFURLConnectionOperation.h */,
				DE67B7281E1E27E50071161F /* AFURLConnectionOperation.m */,
				DE67B7291E1E27E50071161F /* AFURLRequestSerialization.h */,
				DE67B72A1E1E27E50071161F /* AFURLRequestSerialization.m */,
				DE67B72B1E1E27E50071161F /* AFURLResponseSerialization.h */,
				DE67B72C1E1E27E50071161F /* AFURLResponseSerialization.m */,
				DE67B72D1E1E27E50071161F /* AFURLSessionManager.h */,
				DE67B72E1E1E27E50071161F /* AFURLSessionManager.m */,
			);
			path = AFNetworking;
			sourceTree = "<group>";
		};
/* End PBXGroup section */

/* Begin PBXNativeTarget section */
		DE67B6E71E1E262C0071161F /* TestInterface */ = {
			isa = PBXNativeTarget;
			buildConfigurationList = DE67B6FF1E1E262D0071161F /* Build configuration list for PBXNativeTarget "TestInterface" */;
			buildPhases = (
				DE67B6E41E1E262C0071161F /* Sources */,
				DE67B6E51E1E262C0071161F /* Frameworks */,
				DE67B6E61E1E262C0071161F /* Resources */,
			);
			buildRules = (
			);
			dependencies = (
			);
			name = TestInterface;
			productName = TestInterface;
			productReference = DE67B6E81E1E262D0071161F /* TestInterface.app */;
			productType = "com.apple.product-type.application";
		};
/* End PBXNativeTarget section */

/* Begin PBXProject section */
		DE67B6E01E1E262C0071161F /* Project object */ = {
			isa = PBXProject;
			attributes = {
				LastUpgradeCheck = 0820;
				ORGANIZATIONNAME = JYT;
				TargetAttributes = {
					DE67B6E71E1E262C0071161F = {
						CreatedOnToolsVersion = 8.2;
						DevelopmentTeam = 499WYUV8Q2;
						ProvisioningStyle = Automatic;
					};
				};
			};
			buildConfigurationList = DE67B6E31E1E262C0071161F /* Build configuration list for PBXProject "TestInterface" */;
			compatibilityVersion = "Xcode 3.2";
			developmentRegion = English;
			hasScannedForEncodings = 0;
			knownRegions = (
				en,
				Base,
			);
			mainGroup = DE67B6DF1E1E262C0071161F;
			productRefGroup = DE67B6E91E1E262D0071161F /* Products */;
			projectDirPath = "";
			projectRoot = "";
			targets = (
				DE67B6E71E1E262C0071161F /* TestInterface */,
			);
		};
/* End PBXProject section */

/* Begin PBXResourcesBuildPhase section */
		DE67B6E61E1E262C0071161F /* Resources */ = {
			isa = PBXResourcesBuildPhase;
			buildActionMask = 2147483647;
			files = (
				DE67B6FB1E1E262D0071161F /* LaunchScreen.storyboard in Resources */,
				DE67B6F81E1E262D0071161F /* Assets.xcassets in Resources */,
				DE1C11BB1E273C5F00D8E393 /* Untitled.json in Resources */,
				DE67B6F61E1E262D0071161F /* Main.storyboard in Resources */,
			);
			runOnlyForDeploymentPostprocessing = 0;
		};
/* End PBXResourcesBuildPhase section */

/* Begin PBXSourcesBuildPhase section */
		DE67B6E41E1E262C0071161F /* Sources */ = {
			isa = PBXSourcesBuildPhase;
			buildActionMask = 2147483647;
			files = (
				DE67B7341E1E27E50071161F /* AFURLConnectionOperation.m in Sources */,
				DE67B7161E1E26900071161F /* UsersViewController.m in Sources */,
				DE67B7331E1E27E50071161F /* AFSecurityPolicy.m in Sources */,
				DE67B6F31E1E262D0071161F /* ViewController.m in Sources */,
				DE67B7301E1E27E50071161F /* AFHTTPRequestOperationManager.m in Sources */,
				DEBB2AFF1E24D8AB00EC7391 /* ListCell.m in Sources */,
				DE67B6F01E1E262D0071161F /* AppDelegate.m in Sources */,
				DE7CEC9D1E249531007ABB4A /* UserModel.m in Sources */,
				DE67B6ED1E1E262D0071161F /* main.m in Sources */,
				DE67B7181E1E26900071161F /* MainViewController.m in Sources */,
				DE67B7371E1E27E50071161F /* AFURLSessionManager.m in Sources */,
				DE67B7361E1E27E50071161F /* AFURLResponseSerialization.m in Sources */,
				DE1C11BE1E27930200D8E393 /* ListModel.m in Sources */,
				DE1C11C11E288CDC00D8E393 /* TokenViewController.m in Sources */,
				DE67B7171E1E26900071161F /* ChatViewController.m in Sources */,
				DE67B7881E2487060071161F /* HttpRequest.m in Sources */,
				DE67B7351E1E27E50071161F /* AFURLRequestSerialization.m in Sources */,
				DE67B7321E1E27E50071161F /* AFNetworkReachabilityManager.m in Sources */,
				DE67B73C1E1E37FD0071161F /* HttpsManager.m in Sources */,
				DE67B72F1E1E27E50071161F /* AFHTTPRequestOperation.m in Sources */,
				DE67B7311E1E27E50071161F /* AFHTTPSessionManager.m in Sources */,
			);
			runOnlyForDeploymentPostprocessing = 0;
		};
/* End PBXSourcesBuildPhase section */

/* Begin PBXVariantGroup section */
		DE67B6F41E1E262D0071161F /* Main.storyboard */ = {
			isa = PBXVariantGroup;
			children = (
				DE67B6F51E1E262D0071161F /* Base */,
			);
			name = Main.storyboard;
			sourceTree = "<group>";
		};
		DE67B6F91E1E262D0071161F /* LaunchScreen.storyboard */ = {
			isa = PBXVariantGroup;
			children = (
				DE67B6FA1E1E262D0071161F /* Base */,
			);
			name = LaunchScreen.storyboard;
			sourceTree = "<group>";
		};
/* End PBXVariantGroup section */

/* Begin XCBuildConfiguration section */
		DE67B6FD1E1E262D0071161F /* Debug */ = {
			isa = XCBuildConfiguration;
			buildSettings = {
				ALWAYS_SEARCH_USER_PATHS = NO;
				CLANG_ANALYZER_NONNULL = YES;
				CLANG_CXX_LANGUAGE_STANDARD = "gnu++0x";
				CLANG_CXX_LIBRARY = "libc++";
				CLANG_ENABLE_MODULES = YES;
				CLANG_ENABLE_OBJC_ARC = YES;
				CLANG_WARN_BOOL_CONVERSION = YES;
				CLANG_WARN_CONSTANT_CONVERSION = YES;
				CLANG_WARN_DIRECT_OBJC_ISA_USAGE = YES_ERROR;
				CLANG_WARN_DOCUMENTATION_COMMENTS = YES;
				CLANG_WARN_EMPTY_BODY = YES;
				CLANG_WARN_ENUM_CONVERSION = YES;
				CLANG_WARN_INFINITE_RECURSION = YES;
				CLANG_WARN_INT_CONVERSION = YES;
				CLANG_WARN_OBJC_ROOT_CLASS = YES_ERROR;
				CLANG_WARN_SUSPICIOUS_MOVE = YES;
				CLANG_WARN_UNREACHABLE_CODE = YES;
				CLANG_WARN__DUPLICATE_METHOD_MATCH = YES;
				"CODE_SIGN_IDENTITY[sdk=iphoneos*]" = "iPhone Developer";
				COPY_PHASE_STRIP = NO;
				DEBUG_INFORMATION_FORMAT = dwarf;
				ENABLE_STRICT_OBJC_MSGSEND = YES;
				ENABLE_TESTABILITY = YES;
				GCC_C_LANGUAGE_STANDARD = gnu99;
				GCC_DYNAMIC_NO_PIC = NO;
				GCC_NO_COMMON_BLOCKS = YES;
				GCC_OPTIMIZATION_LEVEL = 0;
				GCC_PREPROCESSOR_DEFINITIONS = (
					"DEBUG=1",
					"$(inherited)",
				);
				GCC_WARN_64_TO_32_BIT_CONVERSION = YES;
				GCC_WARN_ABOUT_RETURN_TYPE = YES_ERROR;
				GCC_WARN_UNDECLARED_SELECTOR = YES;
				GCC_WARN_UNINITIALIZED_AUTOS = YES_AGGRESSIVE;
				GCC_WARN_UNUSED_FUNCTION = YES;
				GCC_WARN_UNUSED_VARIABLE = YES;
				IPHONEOS_DEPLOYMENT_TARGET = 10.2;
				MTL_ENABLE_DEBUG_INFO = YES;
				ONLY_ACTIVE_ARCH = YES;
				SDKROOT = iphoneos;
			};
			name = Debug;
		};
		DE67B6FE1E1E262D0071161F /* Release */ = {
			isa = XCBuildConfiguration;
			buildSettings = {
				ALWAYS_SEARCH_USER_PATHS = NO;
				CLANG_ANALYZER_NONNULL = YES;
				CLANG_CXX_LANGUAGE_STANDARD = "gnu++0x";
				CLANG_CXX_LIBRARY = "libc++";
				CLANG_ENABLE_MODULES = YES;
				CLANG_ENABLE_OBJC_ARC = YES;
				CLANG_WARN_BOOL_CONVERSION = YES;
				CLANG_WARN_CONSTANT_CONVERSION = YES;
				CLANG_WARN_DIRECT_OBJC_ISA_USAGE = YES_ERROR;
				CLANG_WARN_DOCUMENTATION_COMMENTS = YES;
				CLANG_WARN_EMPTY_BODY = YES;
				CLANG_WARN_ENUM_CONVERSION = YES;
				CLANG_WARN_INFINITE_RECURSION = YES;
				CLANG_WARN_INT_CONVERSION = YES;
				CLANG_WARN_OBJC_ROOT_CLASS = YES_ERROR;
				CLANG_WARN_SUSPICIOUS_MOVE = YES;
				CLANG_WARN_UNREACHABLE_CODE = YES;
				CLANG_WARN__DUPLICATE_METHOD_MATCH = YES;
				"CODE_SIGN_IDENTITY[sdk=iphoneos*]" = "iPhone Developer";
				COPY_PHASE_STRIP = NO;
				DEBUG_INFORMATION_FORMAT = "dwarf-with-dsym";
				ENABLE_NS_ASSERTIONS = NO;
				ENABLE_STRICT_OBJC_MSGSEND = YES;
				GCC_C_LANGUAGE_STANDARD = gnu99;
				GCC_NO_COMMON_BLOCKS = YES;
				GCC_WARN_64_TO_32_BIT_CONVERSION = YES;
				GCC_WARN_ABOUT_RETURN_TYPE = YES_ERROR;
				GCC_WARN_UNDECLARED_SELECTOR = YES;
				GCC_WARN_UNINITIALIZED_AUTOS = YES_AGGRESSIVE;
				GCC_WARN_UNUSED_FUNCTION = YES;
				GCC_WARN_UNUSED_VARIABLE = YES;
				IPHONEOS_DEPLOYMENT_TARGET = 10.2;
				MTL_ENABLE_DEBUG_INFO = NO;
				SDKROOT = iphoneos;
				VALIDATE_PRODUCT = YES;
			};
			name = Release;
		};
		DE67B7001E1E262D0071161F /* Debug */ = {
			isa = XCBuildConfiguration;
			buildSettings = {
				ASSETCATALOG_COMPILER_APPICON_NAME = AppIcon;
				DEVELOPMENT_TEAM = 499WYUV8Q2;
				GCC_PRECOMPILE_PREFIX_HEADER = YES;
				GCC_PREFIX_HEADER = "$(SRCROOT)/TestInterface/PrefixHeader.pch";
				INFOPLIST_FILE = TestInterface/Info.plist;
				LD_RUNPATH_SEARCH_PATHS = "$(inherited) @executable_path/Frameworks";
				PRODUCT_BUNDLE_IDENTIFIER = JYT.TestInterface;
				PRODUCT_NAME = "$(TARGET_NAME)";
			};
			name = Debug;
		};
		DE67B7011E1E262D0071161F /* Release */ = {
			isa = XCBuildConfiguration;
			buildSettings = {
				ASSETCATALOG_COMPILER_APPICON_NAME = AppIcon;
				DEVELOPMENT_TEAM = 499WYUV8Q2;
				GCC_PRECOMPILE_PREFIX_HEADER = YES;
				GCC_PREFIX_HEADER = "$(SRCROOT)/TestInterface/PrefixHeader.pch";
				INFOPLIST_FILE = TestInterface/Info.plist;
				LD_RUNPATH_SEARCH_PATHS = "$(inherited) @executable_path/Frameworks";
				PRODUCT_BUNDLE_IDENTIFIER = JYT.TestInterface;
				PRODUCT_NAME = "$(TARGET_NAME)";
			};
			name = Release;
		};
/* End XCBuildConfiguration section */

/* Begin XCConfigurationList section */
		DE67B6E31E1E262C0071161F /* Build configuration list for PBXProject "TestInterface" */ = {
			isa = XCConfigurationList;
			buildConfigurations = (
				DE67B6FD1E1E262D0071161F /* Debug */,
				DE67B6FE1E1E262D0071161F /* Release */,
			);
			defaultConfigurationIsVisible = 0;
			defaultConfigurationName = Release;
		};
		DE67B6FF1E1E262D0071161F /* Build configuration list for PBXNativeTarget "TestInterface" */ = {
			isa = XCConfigurationList;
			buildConfigurations = (
				DE67B7001E1E262D0071161F /* Debug */,
				DE67B7011E1E262D0071161F /* Release */,
			);
			defaultConfigurationIsVisible = 0;
			defaultConfigurationName = Release;
		};
/* End XCConfigurationList section */
	};
	rootObject = DE67B6E01E1E262C0071161F /* Project object */;
}
