// !$*UTF8*$!
{
	archiveVersion = 1;
	classes = {
	};
	objectVersion = 46;
	objects = {

/* Begin PBXBuildFile section */
		443AA186A09B4C39246B9C44 /* libPods-TestInterface.a in Frameworks */ = {isa = PBXBuildFile; fileRef = 9136EE11CA41D8D175C75993 /* libPods-TestInterface.a */; };
		DE1C11C41E2CA56800D8E393 /* DetailedViewController.m in Sources */ = {isa = PBXBuildFile; fileRef = DE1C11C31E2CA56800D8E393 /* DetailedViewController.m */; };
		DE3CEEE11E34C7D90048BB86 /* rest.json in Resources */ = {isa = PBXBuildFile; fileRef = DE3CEEE01E34C7D90048BB86 /* rest.json */; };
		DE67B6ED1E1E262D0071161F /* main.m in Sources */ = {isa = PBXBuildFile; fileRef = DE67B6EC1E1E262D0071161F /* main.m */; };
		DE67B6F01E1E262D0071161F /* AppDelegate.m in Sources */ = {isa = PBXBuildFile; fileRef = DE67B6EF1E1E262D0071161F /* AppDelegate.m */; };
		DE67B6F31E1E262D0071161F /* ViewController.m in Sources */ = {isa = PBXBuildFile; fileRef = DE67B6F21E1E262D0071161F /* ViewController.m */; };
		DE67B6F61E1E262D0071161F /* Main.storyboard in Resources */ = {isa = PBXBuildFile; fileRef = DE67B6F41E1E262D0071161F /* Main.storyboard */; };
		DE67B6F81E1E262D0071161F /* Assets.xcassets in Resources */ = {isa = PBXBuildFile; fileRef = DE67B6F71E1E262D0071161F /* Assets.xcassets */; };
		DE67B6FB1E1E262D0071161F /* LaunchScreen.storyboard in Resources */ = {isa = PBXBuildFile; fileRef = DE67B6F91E1E262D0071161F /* LaunchScreen.storyboard */; };
		DE67B7181E1E26900071161F /* MainViewController.m in Sources */ = {isa = PBXBuildFile; fileRef = DE67B70F1E1E26900071161F /* MainViewController.m */; };
		DE67B7881E2487060071161F /* HttpRequest.m in Sources */ = {isa = PBXBuildFile; fileRef = DE67B7871E2487060071161F /* HttpRequest.m */; };
		DE7CEC9D1E249531007ABB4A /* UserModel.m in Sources */ = {isa = PBXBuildFile; fileRef = DE7CEC9C1E249531007ABB4A /* UserModel.m */; };
		DEBB2AFF1E24D8AB00EC7391 /* ListCell.m in Sources */ = {isa = PBXBuildFile; fileRef = DEBB2AFE1E24D8AB00EC7391 /* ListCell.m */; };
/* End PBXBuildFile section */

/* Begin PBXFileReference section */
		9136EE11CA41D8D175C75993 /* libPods-TestInterface.a */ = {isa = PBXFileReference; explicitFileType = archive.ar; includeInIndex = 0; path = "libPods-TestInterface.a"; sourceTree = BUILT_PRODUCTS_DIR; };
		C71EE3BDEC3CD6248AB7B94E /* Pods-TestInterface.debug.xcconfig */ = {isa = PBXFileReference; includeInIndex = 1; lastKnownFileType = text.xcconfig; name = "Pods-TestInterface.debug.xcconfig"; path = "Pods/Target Support Files/Pods-TestInterface/Pods-TestInterface.debug.xcconfig"; sourceTree = "<group>"; };
		DE1C11C21E2CA56800D8E393 /* DetailedViewController.h */ = {isa = PBXFileReference; fileEncoding = 4; lastKnownFileType = sourcecode.c.h; name = DetailedViewController.h; path = ../Chat/DetailedViewController.h; sourceTree = "<group>"; };
		DE1C11C31E2CA56800D8E393 /* DetailedViewController.m */ = {isa = PBXFileReference; fileEncoding = 4; lastKnownFileType = sourcecode.c.objc; name = DetailedViewController.m; path = ../Chat/DetailedViewController.m; sourceTree = "<group>"; };
		DE3CEEE01E34C7D90048BB86 /* rest.json */ = {isa = PBXFileReference; fileEncoding = 4; lastKnownFileType = text.json; path = rest.json; sourceTree = "<group>"; };
		DE67B6E81E1E262D0071161F /* TestInterface.app */ = {isa = PBXFileReference; explicitFileType = wrapper.application; includeInIndex = 0; path = TestInterface.app; sourceTree = BUILT_PRODUCTS_DIR; };
		DE67B6EC1E1E262D0071161F /* main.m */ = {isa = PBXFileReference; lastKnownFileType = sourcecode.c.objc; path = main.m; sourceTree = "<group>"; };
		DE67B6EE1E1E262D0071161F /* AppDelegate.h */ = {isa = PBXFileReference; lastKnownFileType = sourcecode.c.h; path = AppDelegate.h; sourceTree = "<group>"; };
		DE67B6EF1E1E262D0071161F /* AppDelegate.m */ = {isa = PBXFileReference; lastKnownFileType = sourcecode.c.objc; path = AppDelegate.m; sourceTree = "<group>"; };
		DE67B6F11E1E262D0071161F /* ViewController.h */ = {isa = PBXFileReference; lastKnownFileType = sourcecode.c.h; path = ViewController.h; sourceTree = "<group>"; };
		DE67B6F21E1E262D0071161F /* ViewController.m */ = {isa = PBXFileReference; lastKnownFileType = sourcecode.c.objc; path = ViewController.m; sourceTree = "<group>"; };
		DE67B6F51E1E262D0071161F /* Base */ = {isa = PBXFileReference; lastKnownFileType = file.storyboard; name = Base; path = Base.lproj/Main.storyboard; sourceTree = "<group>"; };
		DE67B6F71E1E262D0071161F /* Assets.xcassets */ = {isa = PBXFileReference; lastKnownFileType = folder.assetcatalog; path = Assets.xcassets; sourceTree = "<group>"; };
		DE67B6FA1E1E262D0071161F /* Base */ = {isa = PBXFileReference; lastKnownFileType = file.storyboard; name = Base; path = Base.lproj/LaunchScreen.storyboard; sourceTree = "<group>"; };
		DE67B6FC1E1E262D0071161F /* Info.plist */ = {isa = PBXFileReference; lastKnownFileType = text.plist.xml; path = Info.plist; sourceTree = "<group>"; };
		DE67B70E1E1E26900071161F /* MainViewController.h */ = {isa = PBXFileReference; fileEncoding = 4; lastKnownFileType = sourcecode.c.h; path = MainViewController.h; sourceTree = "<group>"; };
		DE67B70F1E1E26900071161F /* MainViewController.m */ = {isa = PBXFileReference; fileEncoding = 4; lastKnownFileType = sourcecode.c.objc; path = MainViewController.m; sourceTree = "<group>"; };
		DE67B7381E1E28810071161F /* Header.h */ = {isa = PBXFileReference; fileEncoding = 4; lastKnownFileType = sourcecode.c.h; path = Header.h; sourceTree = "<group>"; };
		DE67B7391E1E28A60071161F /* PrefixHeader.pch */ = {isa = PBXFileReference; lastKnownFileType = sourcecode.c.h; path = PrefixHeader.pch; sourceTree = "<group>"; };
		DE67B7861E2487060071161F /* HttpRequest.h */ = {isa = PBXFileReference; fileEncoding = 4; lastKnownFileType = sourcecode.c.h; path = HttpRequest.h; sourceTree = "<group>"; };
		DE67B7871E2487060071161F /* HttpRequest.m */ = {isa = PBXFileReference; fileEncoding = 4; lastKnownFileType = sourcecode.c.objc; path = HttpRequest.m; sourceTree = "<group>"; };
		DE7CEC9B1E249531007ABB4A /* UserModel.h */ = {isa = PBXFileReference; fileEncoding = 4; lastKnownFileType = sourcecode.c.h; name = UserModel.h; path = ../Request/UserModel.h; sourceTree = "<group>"; };
		DE7CEC9C1E249531007ABB4A /* UserModel.m */ = {isa = PBXFileReference; fileEncoding = 4; lastKnownFileType = sourcecode.c.objc; name = UserModel.m; path = ../Request/UserModel.m; sourceTree = "<group>"; };
		DEBB2AFD1E24D8AB00EC7391 /* ListCell.h */ = {isa = PBXFileReference; fileEncoding = 4; lastKnownFileType = sourcecode.c.h; name = ListCell.h; path = ../Request/ListCell.h; sourceTree = "<group>"; };
		DEBB2AFE1E24D8AB00EC7391 /* ListCell.m */ = {isa = PBXFileReference; fileEncoding = 4; lastKnownFileType = sourcecode.c.objc; name = ListCell.m; path = ../Request/ListCell.m; sourceTree = "<group>"; };
		E03F929E398FC1C46BBE1DE2 /* Pods-TestInterface.release.xcconfig */ = {isa = PBXFileReference; includeInIndex = 1; lastKnownFileType = text.xcconfig; name = "Pods-TestInterface.release.xcconfig"; path = "Pods/Target Support Files/Pods-TestInterface/Pods-TestInterface.release.xcconfig"; sourceTree = "<group>"; };
/* End PBXFileReference section */

/* Begin PBXFrameworksBuildPhase section */
		DE67B6E51E1E262C0071161F /* Frameworks */ = {
			isa = PBXFrameworksBuildPhase;
			buildActionMask = 2147483647;
			files = (
				443AA186A09B4C39246B9C44 /* libPods-TestInterface.a in Frameworks */,
			);
			runOnlyForDeploymentPostprocessing = 0;
		};
/* End PBXFrameworksBuildPhase section */

/* Begin PBXGroup section */
		1D56C0ED25A84295D90527A9 /* Frameworks */ = {
			isa = PBXGroup;
			children = (
				9136EE11CA41D8D175C75993 /* libPods-TestInterface.a */,
			);
			name = Frameworks;
			sourceTree = "<group>";
		};
		A4D158CA43BCC5FFD153507C /* Pods */ = {
			isa = PBXGroup;
			children = (
				C71EE3BDEC3CD6248AB7B94E /* Pods-TestInterface.debug.xcconfig */,
				E03F929E398FC1C46BBE1DE2 /* Pods-TestInterface.release.xcconfig */,
			);
			name = Pods;
			sourceTree = "<group>";
		};
		DE67B6DF1E1E262C0071161F = {
			isa = PBXGroup;
			children = (
				DE67B71A1E1E27E50071161F /* Libs */,
				DE67B7021E1E26900071161F /* BuddyList */,
				DE67B7101E1E26900071161F /* Request */,
				DE67B6EA1E1E262D0071161F /* TestInterface */,
				DE67B6E91E1E262D0071161F /* Products */,
				A4D158CA43BCC5FFD153507C /* Pods */,
				1D56C0ED25A84295D90527A9 /* Frameworks */,
			);
			sourceTree = "<group>";
		};
		DE67B6E91E1E262D0071161F /* Products */ = {
			isa = PBXGroup;
			children = (
				DE67B6E81E1E262D0071161F /* TestInterface.app */,
			);
			name = Products;
			sourceTree = "<group>";
		};
		DE67B6EA1E1E262D0071161F /* TestInterface */ = {
			isa = PBXGroup;
			children = (
				DE67B70E1E1E26900071161F /* MainViewController.h */,
				DE67B70F1E1E26900071161F /* MainViewController.m */,
				DE67B6EE1E1E262D0071161F /* AppDelegate.h */,
				DE67B6EF1E1E262D0071161F /* AppDelegate.m */,
				DE67B6F11E1E262D0071161F /* ViewController.h */,
				DE67B6F21E1E262D0071161F /* ViewController.m */,
				DE67B6F41E1E262D0071161F /* Main.storyboard */,
				DE67B6F71E1E262D0071161F /* Assets.xcassets */,
				DE67B6F91E1E262D0071161F /* LaunchScreen.storyboard */,
				DE67B7391E1E28A60071161F /* PrefixHeader.pch */,
				DE67B7381E1E28810071161F /* Header.h */,
				DE67B6FC1E1E262D0071161F /* Info.plist */,
				DE67B6EB1E1E262D0071161F /* Supporting Files */,
			);
			path = TestInterface;
			sourceTree = "<group>";
		};
		DE67B6EB1E1E262D0071161F /* Supporting Files */ = {
			isa = PBXGroup;
			children = (
				DE67B6EC1E1E262D0071161F /* main.m */,
			);
			name = "Supporting Files";
			sourceTree = "<group>";
		};
		DE67B7021E1E26900071161F /* BuddyList */ = {
			isa = PBXGroup;
			children = (
				DE1C11C21E2CA56800D8E393 /* DetailedViewController.h */,
				DE1C11C31E2CA56800D8E393 /* DetailedViewController.m */,
				DE7CEC9B1E249531007ABB4A /* UserModel.h */,
				DE7CEC9C1E249531007ABB4A /* UserModel.m */,
				DEBB2AFD1E24D8AB00EC7391 /* ListCell.h */,
				DEBB2AFE1E24D8AB00EC7391 /* ListCell.m */,
			);
			name = BuddyList;
			path = TestInterface/BuddyList;
			sourceTree = "<group>";
		};
		DE67B7101E1E26900071161F /* Request */ = {
			isa = PBXGroup;
			children = (
				DE67B7861E2487060071161F /* HttpRequest.h */,
				DE67B7871E2487060071161F /* HttpRequest.m */,
			);
			name = Request;
			path = TestInterface/Request;
			sourceTree = "<group>";
		};
		DE67B71A1E1E27E50071161F /* Libs */ = {
			isa = PBXGroup;
			children = (
				DE3CEEE01E34C7D90048BB86 /* rest.json */,
			);
			name = Libs;
			path = TestInterface/Libs;
			sourceTree = "<group>";
		};
/* End PBXGroup section */

/* Begin PBXNativeTarget section */
		DE67B6E71E1E262C0071161F /* TestInterface */ = {
			isa = PBXNativeTarget;
			buildConfigurationList = DE67B6FF1E1E262D0071161F /* Build configuration list for PBXNativeTarget "TestInterface" */;
			buildPhases = (
				F9D149197A80119A8277DE63 /* [CP] Check Pods Manifest.lock */,
				DE67B6E41E1E262C0071161F /* Sources */,
				DE67B6E51E1E262C0071161F /* Frameworks */,
				DE67B6E61E1E262C0071161F /* Resources */,
				DEB73E4DEFB2A3D2396EF93C /* [CP] Embed Pods Frameworks */,
				A20978F4E9B82A5EB2F9268B /* [CP] Copy Pods Resources */,
			);
			buildRules = (
			);
			dependencies = (
			);
			name = TestInterface;
			productName = TestInterface;
			productReference = DE67B6E81E1E262D0071161F /* TestInterface.app */;
			productType = "com.apple.product-type.application";
		};
/* End PBXNativeTarget section */

/* Begin PBXProject section */
		DE67B6E01E1E262C0071161F /* Project object */ = {
			isa = PBXProject;
			attributes = {
				LastUpgradeCheck = 0820;
				ORGANIZATIONNAME = JYT;
				TargetAttributes = {
					DE67B6E71E1E262C0071161F = {
						CreatedOnToolsVersion = 8.2;
						DevelopmentTeam = 499WYUV8Q2;
						ProvisioningStyle = Automatic;
					};
				};
			};
			buildConfigurationList = DE67B6E31E1E262C0071161F /* Build configuration list for PBXProject "TestInterface" */;
			compatibilityVersion = "Xcode 3.2";
			developmentRegion = English;
			hasScannedForEncodings = 0;
			knownRegions = (
				en,
				Base,
			);
			mainGroup = DE67B6DF1E1E262C0071161F;
			productRefGroup = DE67B6E91E1E262D0071161F /* Products */;
			projectDirPath = "";
			projectRoot = "";
			targets = (
				DE67B6E71E1E262C0071161F /* TestInterface */,
			);
		};
/* End PBXProject section */

/* Begin PBXResourcesBuildPhase section */
		DE67B6E61E1E262C0071161F /* Resources */ = {
			isa = PBXResourcesBuildPhase;
			buildActionMask = 2147483647;
			files = (
				DE67B6FB1E1E262D0071161F /* LaunchScreen.storyboard in Resources */,
				DE67B6F81E1E262D0071161F /* Assets.xcassets in Resources */,
				DE67B6F61E1E262D0071161F /* Main.storyboard in Resources */,
				DE3CEEE11E34C7D90048BB86 /* rest.json in Resources */,
			);
			runOnlyForDeploymentPostprocessing = 0;
		};
/* End PBXResourcesBuildPhase section */

/* Begin PBXShellScriptBuildPhase section */
		A20978F4E9B82A5EB2F9268B /* [CP] Copy Pods Resources */ = {
			isa = PBXShellScriptBuildPhase;
			buildActionMask = 2147483647;
			files = (
			);
			inputPaths = (
			);
			name = "[CP] Copy Pods Resources";
			outputPaths = (
			);
			runOnlyForDeploymentPostprocessing = 0;
			shellPath = /bin/sh;
			shellScript = "\"${SRCROOT}/Pods/Target Support Files/Pods-TestInterface/Pods-TestInterface-resources.sh\"\n";
			showEnvVarsInLog = 0;
		};
		DEB73E4DEFB2A3D2396EF93C /* [CP] Embed Pods Frameworks */ = {
			isa = PBXShellScriptBuildPhase;
			buildActionMask = 2147483647;
			files = (
			);
			inputPaths = (
			);
			name = "[CP] Embed Pods Frameworks";
			outputPaths = (
			);
			runOnlyForDeploymentPostprocessing = 0;
			shellPath = /bin/sh;
			shellScript = "\"${SRCROOT}/Pods/Target Support Files/Pods-TestInterface/Pods-TestInterface-frameworks.sh\"\n";
			showEnvVarsInLog = 0;
		};
		F9D149197A80119A8277DE63 /* [CP] Check Pods Manifest.lock */ = {
			isa = PBXShellScriptBuildPhase;
			buildActionMask = 2147483647;
			files = (
			);
			inputPaths = (
			);
			name = "[CP] Check Pods Manifest.lock";
			outputPaths = (
			);
			runOnlyForDeploymentPostprocessing = 0;
			shellPath = /bin/sh;
			shellScript = "diff \"${PODS_ROOT}/../Podfile.lock\" \"${PODS_ROOT}/Manifest.lock\" > /dev/null\nif [ $? != 0 ] ; then\n    # print error to STDERR\n    echo \"error: The sandbox is not in sync with the Podfile.lock. Run 'pod install' or update your CocoaPods installation.\" >&2\n    exit 1\nfi\n";
			showEnvVarsInLog = 0;
		};
/* End PBXShellScriptBuildPhase section */

/* Begin PBXSourcesBuildPhase section */
		DE67B6E41E1E262C0071161F /* Sources */ = {
			isa = PBXSourcesBuildPhase;
			buildActionMask = 2147483647;
			files = (
				DE67B6F31E1E262D0071161F /* ViewController.m in Sources */,
				DEBB2AFF1E24D8AB00EC7391 /* ListCell.m in Sources */,
				DE67B6F01E1E262D0071161F /* AppDelegate.m in Sources */,
				DE7CEC9D1E249531007ABB4A /* UserModel.m in Sources */,
				DE67B6ED1E1E262D0071161F /* main.m in Sources */,
				DE67B7181E1E26900071161F /* MainViewController.m in Sources */,
				DE67B7881E2487060071161F /* HttpRequest.m in Sources */,
				DE1C11C41E2CA56800D8E393 /* DetailedViewController.m in Sources */,
			);
			runOnlyForDeploymentPostprocessing = 0;
		};
/* End PBXSourcesBuildPhase section */

/* Begin PBXVariantGroup section */
		DE67B6F41E1E262D0071161F /* Main.storyboard */ = {
			isa = PBXVariantGroup;
			children = (
				DE67B6F51E1E262D0071161F /* Base */,
			);
			name = Main.storyboard;
			sourceTree = "<group>";
		};
		DE67B6F91E1E262D0071161F /* LaunchScreen.storyboard */ = {
			isa = PBXVariantGroup;
			children = (
				DE67B6FA1E1E262D0071161F /* Base */,
			);
			name = LaunchScreen.storyboard;
			sourceTree = "<group>";
		};
/* End PBXVariantGroup section */

/* Begin XCBuildConfiguration section */
		DE67B6FD1E1E262D0071161F /* Debug */ = {
			isa = XCBuildConfiguration;
			buildSettings = {
				ALWAYS_SEARCH_USER_PATHS = NO;
				CLANG_ANALYZER_NONNULL = YES;
				CLANG_CXX_LANGUAGE_STANDARD = "gnu++0x";
				CLANG_CXX_LIBRARY = "libc++";
				CLANG_ENABLE_MODULES = YES;
				CLANG_ENABLE_OBJC_ARC = YES;
				CLANG_WARN_BOOL_CONVERSION = YES;
				CLANG_WARN_CONSTANT_CONVERSION = YES;
				CLANG_WARN_DIRECT_OBJC_ISA_USAGE = YES_ERROR;
				CLANG_WARN_DOCUMENTATION_COMMENTS = YES;
				CLANG_WARN_EMPTY_BODY = YES;
				CLANG_WARN_ENUM_CONVERSION = YES;
				CLANG_WARN_INFINITE_RECURSION = YES;
				CLANG_WARN_INT_CONVERSION = YES;
				CLANG_WARN_OBJC_ROOT_CLASS = YES_ERROR;
				CLANG_WARN_SUSPICIOUS_MOVE = YES;
				CLANG_WARN_UNREACHABLE_CODE = YES;
				CLANG_WARN__DUPLICATE_METHOD_MATCH = YES;
				CODE_SIGN_IDENTITY = "iPhone Developer";
				"CODE_SIGN_IDENTITY[sdk=iphoneos*]" = "iPhone Developer";
				COPY_PHASE_STRIP = NO;
				DEBUG_INFORMATION_FORMAT = dwarf;
				ENABLE_STRICT_OBJC_MSGSEND = YES;
				ENABLE_TESTABILITY = YES;
				GCC_C_LANGUAGE_STANDARD = gnu99;
				GCC_DYNAMIC_NO_PIC = NO;
				GCC_NO_COMMON_BLOCKS = YES;
				GCC_OPTIMIZATION_LEVEL = 0;
				GCC_PREPROCESSOR_DEFINITIONS = (
					"DEBUG=1",
					"$(inherited)",
				);
				GCC_WARN_64_TO_32_BIT_CONVERSION = YES;
				GCC_WARN_ABOUT_RETURN_TYPE = YES_ERROR;
				GCC_WARN_UNDECLARED_SELECTOR = YES;
				GCC_WARN_UNINITIALIZED_AUTOS = YES_AGGRESSIVE;
				GCC_WARN_UNUSED_FUNCTION = YES;
				GCC_WARN_UNUSED_VARIABLE = YES;
				IPHONEOS_DEPLOYMENT_TARGET = 9.0;
				MTL_ENABLE_DEBUG_INFO = YES;
				ONLY_ACTIVE_ARCH = YES;
				SDKROOT = iphoneos;
			};
			name = Debug;
		};
		DE67B6FE1E1E262D0071161F /* Release */ = {
			isa = XCBuildConfiguration;
			buildSettings = {
				ALWAYS_SEARCH_USER_PATHS = NO;
				CLANG_ANALYZER_NONNULL = YES;
				CLANG_CXX_LANGUAGE_STANDARD = "gnu++0x";
				CLANG_CXX_LIBRARY = "libc++";
				CLANG_ENABLE_MODULES = YES;
				CLANG_ENABLE_OBJC_ARC = YES;
				CLANG_WARN_BOOL_CONVERSION = YES;
				CLANG_WARN_CONSTANT_CONVERSION = YES;
				CLANG_WARN_DIRECT_OBJC_ISA_USAGE = YES_ERROR;
				CLANG_WARN_DOCUMENTATION_COMMENTS = YES;
				CLANG_WARN_EMPTY_BODY = YES;
				CLANG_WARN_ENUM_CONVERSION = YES;
				CLANG_WARN_INFINITE_RECURSION = YES;
				CLANG_WARN_INT_CONVERSION = YES;
				CLANG_WARN_OBJC_ROOT_CLASS = YES_ERROR;
				CLANG_WARN_SUSPICIOUS_MOVE = YES;
				CLANG_WARN_UNREACHABLE_CODE = YES;
				CLANG_WARN__DUPLICATE_METHOD_MATCH = YES;
				CODE_SIGN_IDENTITY = "iPhone Developer";
				"CODE_SIGN_IDENTITY[sdk=iphoneos*]" = "iPhone Developer";
				COPY_PHASE_STRIP = NO;
				DEBUG_INFORMATION_FORMAT = "dwarf-with-dsym";
				ENABLE_NS_ASSERTIONS = NO;
				ENABLE_STRICT_OBJC_MSGSEND = YES;
				GCC_C_LANGUAGE_STANDARD = gnu99;
				GCC_NO_COMMON_BLOCKS = YES;
				GCC_WARN_64_TO_32_BIT_CONVERSION = YES;
				GCC_WARN_ABOUT_RETURN_TYPE = YES_ERROR;
				GCC_WARN_UNDECLARED_SELECTOR = YES;
				GCC_WARN_UNINITIALIZED_AUTOS = YES_AGGRESSIVE;
				GCC_WARN_UNUSED_FUNCTION = YES;
				GCC_WARN_UNUSED_VARIABLE = YES;
				IPHONEOS_DEPLOYMENT_TARGET = 9.0;
				MTL_ENABLE_DEBUG_INFO = NO;
				SDKROOT = iphoneos;
				VALIDATE_PRODUCT = YES;
			};
			name = Release;
		};
		DE67B7001E1E262D0071161F /* Debug */ = {
			isa = XCBuildConfiguration;
			baseConfigurationReference = C71EE3BDEC3CD6248AB7B94E /* Pods-TestInterface.debug.xcconfig */;
			buildSettings = {
				ASSETCATALOG_COMPILER_APPICON_NAME = AppIcon;
				CODE_SIGN_IDENTITY = "iPhone Developer";
				DEVELOPMENT_TEAM = 499WYUV8Q2;
				GCC_PRECOMPILE_PREFIX_HEADER = YES;
				GCC_PREFIX_HEADER = "$(SRCROOT)/TestInterface/PrefixHeader.pch";
				INFOPLIST_FILE = TestInterface/Info.plist;
				LD_RUNPATH_SEARCH_PATHS = "$(inherited) @executable_path/Frameworks";
				PRODUCT_BUNDLE_IDENTIFIER = com.easemob.enterprise.demo.ui;
				PRODUCT_NAME = "$(TARGET_NAME)";
			};
			name = Debug;
		};
		DE67B7011E1E262D0071161F /* Release */ = {
			isa = XCBuildConfiguration;
			baseConfigurationReference = E03F929E398FC1C46BBE1DE2 /* Pods-TestInterface.release.xcconfig */;
			buildSettings = {
				ASSETCATALOG_COMPILER_APPICON_NAME = AppIcon;
				CODE_SIGN_IDENTITY = "iPhone Developer";
				DEVELOPMENT_TEAM = 499WYUV8Q2;
				GCC_PRECOMPILE_PREFIX_HEADER = YES;
				GCC_PREFIX_HEADER = "$(SRCROOT)/TestInterface/PrefixHeader.pch";
				INFOPLIST_FILE = TestInterface/Info.plist;
				LD_RUNPATH_SEARCH_PATHS = "$(inherited) @executable_path/Frameworks";
				PRODUCT_BUNDLE_IDENTIFIER = com.easemob.enterprise.demo.ui;
				PRODUCT_NAME = "$(TARGET_NAME)";
			};
			name = Release;
		};
/* End XCBuildConfiguration section */

/* Begin XCConfigurationList section */
		DE67B6E31E1E262C0071161F /* Build configuration list for PBXProject "TestInterface" */ = {
			isa = XCConfigurationList;
			buildConfigurations = (
				DE67B6FD1E1E262D0071161F /* Debug */,
				DE67B6FE1E1E262D0071161F /* Release */,
			);
			defaultConfigurationIsVisible = 0;
			defaultConfigurationName = Release;
		};
		DE67B6FF1E1E262D0071161F /* Build configuration list for PBXNativeTarget "TestInterface" */ = {
			isa = XCConfigurationList;
			buildConfigurations = (
				DE67B7001E1E262D0071161F /* Debug */,
				DE67B7011E1E262D0071161F /* Release */,
			);
			defaultConfigurationIsVisible = 0;
			defaultConfigurationName = Release;
		};
/* End XCConfigurationList section */
	};
	rootObject = DE67B6E01E1E262C0071161F /* Project object */;
}
