// !$*UTF8*$!
{
	archiveVersion = 1;
	classes = {
	};
	objectVersion = 46;
	objects = {

/* Begin PBXBuildFile section */
		443AA186A09B4C39246B9C44 /* libPods-TestInterface.a in Frameworks */ = {isa = PBXBuildFile; fileRef = 9136EE11CA41D8D175C75993 /* libPods-TestInterface.a */; };
		90823CE11E52A825006E76DD /* ebs.json in Resources */ = {isa = PBXBuildFile; fileRef = 90823CE01E52A825006E76DD /* ebs.json */; };
		90823CE41E52B68C006E76DD /* JsonSelectViewController.m in Sources */ = {isa = PBXBuildFile; fileRef = 90823CE31E52B68C006E76DD /* JsonSelectViewController.m */; };
		908DA3251E51BFC80064B5F9 /* MainViewController.m in Sources */ = {isa = PBXBuildFile; fileRef = 908DA3241E51BFC80064B5F9 /* MainViewController.m */; };
		908DA3291E51BFD20064B5F9 /* DetailedViewController.m in Sources */ = {isa = PBXBuildFile; fileRef = 908DA3281E51BFD20064B5F9 /* DetailedViewController.m */; };
		908DA32E1E51BFEA0064B5F9 /* ListCell.m in Sources */ = {isa = PBXBuildFile; fileRef = 908DA32B1E51BFEA0064B5F9 /* ListCell.m */; };
		908DA32F1E51BFEA0064B5F9 /* UserModel.m in Sources */ = {isa = PBXBuildFile; fileRef = 908DA32D1E51BFEA0064B5F9 /* UserModel.m */; };
		908DA3471E51CC810064B5F9 /* HttpRequestManager.m in Sources */ = {isa = PBXBuildFile; fileRef = 908DA33D1E51CC810064B5F9 /* HttpRequestManager.m */; };
		908DA3481E51CC810064B5F9 /* JsonRWManager.m in Sources */ = {isa = PBXBuildFile; fileRef = 908DA33F1E51CC810064B5F9 /* JsonRWManager.m */; };
		908DA3491E51CC810064B5F9 /* HttpRequest.m in Sources */ = {isa = PBXBuildFile; fileRef = 908DA3421E51CC810064B5F9 /* HttpRequest.m */; };
		908DA3591E51CD130064B5F9 /* BaseTableViewController.m in Sources */ = {isa = PBXBuildFile; fileRef = 908DA3581E51CD130064B5F9 /* BaseTableViewController.m */; };
		908DA35C1E51CD390064B5F9 /* TestTableViewController.m in Sources */ = {isa = PBXBuildFile; fileRef = 908DA35B1E51CD390064B5F9 /* TestTableViewController.m */; };
		908DA3601E51CEC10064B5F9 /* UIButton+Category.m in Sources */ = {isa = PBXBuildFile; fileRef = 908DA35F1E51CEC10064B5F9 /* UIButton+Category.m */; };
		DE67B6ED1E1E262D0071161F /* main.m in Sources */ = {isa = PBXBuildFile; fileRef = DE67B6EC1E1E262D0071161F /* main.m */; };
		DE67B6F01E1E262D0071161F /* AppDelegate.m in Sources */ = {isa = PBXBuildFile; fileRef = DE67B6EF1E1E262D0071161F /* AppDelegate.m */; };
		DE67B6F61E1E262D0071161F /* Main.storyboard in Resources */ = {isa = PBXBuildFile; fileRef = DE67B6F41E1E262D0071161F /* Main.storyboard */; };
		DE67B6F81E1E262D0071161F /* Assets.xcassets in Resources */ = {isa = PBXBuildFile; fileRef = DE67B6F71E1E262D0071161F /* Assets.xcassets */; };
		DE67B6FB1E1E262D0071161F /* LaunchScreen.storyboard in Resources */ = {isa = PBXBuildFile; fileRef = DE67B6F91E1E262D0071161F /* LaunchScreen.storyboard */; };
/* End PBXBuildFile section */

/* Begin PBXFileReference section */
		90823CE01E52A825006E76DD /* ebs.json */ = {isa = PBXFileReference; fileEncoding = 4; lastKnownFileType = text.json; path = ebs.json; sourceTree = "<group>"; };
		90823CE21E52B68C006E76DD /* JsonSelectViewController.h */ = {isa = PBXFileReference; fileEncoding = 4; lastKnownFileType = sourcecode.c.h; path = JsonSelectViewController.h; sourceTree = "<group>"; };
		90823CE31E52B68C006E76DD /* JsonSelectViewController.m */ = {isa = PBXFileReference; fileEncoding = 4; lastKnownFileType = sourcecode.c.objc; path = JsonSelectViewController.m; sourceTree = "<group>"; };
		908DA3231E51BFC80064B5F9 /* MainViewController.h */ = {isa = PBXFileReference; fileEncoding = 4; lastKnownFileType = sourcecode.c.h; path = MainViewController.h; sourceTree = "<group>"; };
		908DA3241E51BFC80064B5F9 /* MainViewController.m */ = {isa = PBXFileReference; fileEncoding = 4; lastKnownFileType = sourcecode.c.objc; path = MainViewController.m; sourceTree = "<group>"; };
		908DA3271E51BFD20064B5F9 /* DetailedViewController.h */ = {isa = PBXFileReference; fileEncoding = 4; lastKnownFileType = sourcecode.c.h; path = DetailedViewController.h; sourceTree = "<group>"; };
		908DA3281E51BFD20064B5F9 /* DetailedViewController.m */ = {isa = PBXFileReference; fileEncoding = 4; lastKnownFileType = sourcecode.c.objc; path = DetailedViewController.m; sourceTree = "<group>"; };
		908DA32A1E51BFEA0064B5F9 /* ListCell.h */ = {isa = PBXFileReference; fileEncoding = 4; lastKnownFileType = sourcecode.c.h; path = ListCell.h; sourceTree = "<group>"; };
		908DA32B1E51BFEA0064B5F9 /* ListCell.m */ = {isa = PBXFileReference; fileEncoding = 4; lastKnownFileType = sourcecode.c.objc; path = ListCell.m; sourceTree = "<group>"; };
		908DA32C1E51BFEA0064B5F9 /* UserModel.h */ = {isa = PBXFileReference; fileEncoding = 4; lastKnownFileType = sourcecode.c.h; path = UserModel.h; sourceTree = "<group>"; };
		908DA32D1E51BFEA0064B5F9 /* UserModel.m */ = {isa = PBXFileReference; fileEncoding = 4; lastKnownFileType = sourcecode.c.objc; path = UserModel.m; sourceTree = "<group>"; };
		908DA33C1E51CC810064B5F9 /* HttpRequestManager.h */ = {isa = PBXFileReference; fileEncoding = 4; lastKnownFileType = sourcecode.c.h; path = HttpRequestManager.h; sourceTree = "<group>"; };
		908DA33D1E51CC810064B5F9 /* HttpRequestManager.m */ = {isa = PBXFileReference; fileEncoding = 4; lastKnownFileType = sourcecode.c.objc; path = HttpRequestManager.m; sourceTree = "<group>"; };
		908DA33E1E51CC810064B5F9 /* JsonRWManager.h */ = {isa = PBXFileReference; fileEncoding = 4; lastKnownFileType = sourcecode.c.h; path = JsonRWManager.h; sourceTree = "<group>"; };
		908DA33F1E51CC810064B5F9 /* JsonRWManager.m */ = {isa = PBXFileReference; fileEncoding = 4; lastKnownFileType = sourcecode.c.objc; path = JsonRWManager.m; sourceTree = "<group>"; };
		908DA3411E51CC810064B5F9 /* HttpRequest.h */ = {isa = PBXFileReference; fileEncoding = 4; lastKnownFileType = sourcecode.c.h; path = HttpRequest.h; sourceTree = "<group>"; };
		908DA3421E51CC810064B5F9 /* HttpRequest.m */ = {isa = PBXFileReference; fileEncoding = 4; lastKnownFileType = sourcecode.c.objc; path = HttpRequest.m; sourceTree = "<group>"; };
		908DA3571E51CD130064B5F9 /* BaseTableViewController.h */ = {isa = PBXFileReference; fileEncoding = 4; lastKnownFileType = sourcecode.c.h; path = BaseTableViewController.h; sourceTree = "<group>"; };
		908DA3581E51CD130064B5F9 /* BaseTableViewController.m */ = {isa = PBXFileReference; fileEncoding = 4; lastKnownFileType = sourcecode.c.objc; path = BaseTableViewController.m; sourceTree = "<group>"; };
		908DA35A1E51CD390064B5F9 /* TestTableViewController.h */ = {isa = PBXFileReference; fileEncoding = 4; lastKnownFileType = sourcecode.c.h; path = TestTableViewController.h; sourceTree = "<group>"; };
		908DA35B1E51CD390064B5F9 /* TestTableViewController.m */ = {isa = PBXFileReference; fileEncoding = 4; lastKnownFileType = sourcecode.c.objc; path = TestTableViewController.m; sourceTree = "<group>"; };
		908DA35E1E51CEC10064B5F9 /* UIButton+Category.h */ = {isa = PBXFileReference; fileEncoding = 4; lastKnownFileType = sourcecode.c.h; path = "UIButton+Category.h"; sourceTree = "<group>"; };
		908DA35F1E51CEC10064B5F9 /* UIButton+Category.m */ = {isa = PBXFileReference; fileEncoding = 4; lastKnownFileType = sourcecode.c.objc; path = "UIButton+Category.m"; sourceTree = "<group>"; };
		9136EE11CA41D8D175C75993 /* libPods-TestInterface.a */ = {isa = PBXFileReference; explicitFileType = archive.ar; includeInIndex = 0; path = "libPods-TestInterface.a"; sourceTree = BUILT_PRODUCTS_DIR; };
		C71EE3BDEC3CD6248AB7B94E /* Pods-TestInterface.debug.xcconfig */ = {isa = PBXFileReference; includeInIndex = 1; lastKnownFileType = text.xcconfig; name = "Pods-TestInterface.debug.xcconfig"; path = "Pods/Target Support Files/Pods-TestInterface/Pods-TestInterface.debug.xcconfig"; sourceTree = "<group>"; };
		DE67B6E81E1E262D0071161F /* TestInterface.app */ = {isa = PBXFileReference; explicitFileType = wrapper.application; includeInIndex = 0; path = TestInterface.app; sourceTree = BUILT_PRODUCTS_DIR; };
		DE67B6EC1E1E262D0071161F /* main.m */ = {isa = PBXFileReference; lastKnownFileType = sourcecode.c.objc; path = main.m; sourceTree = "<group>"; };
		DE67B6EE1E1E262D0071161F /* AppDelegate.h */ = {isa = PBXFileReference; lastKnownFileType = sourcecode.c.h; path = AppDelegate.h; sourceTree = "<group>"; };
		DE67B6EF1E1E262D0071161F /* AppDelegate.m */ = {isa = PBXFileReference; lastKnownFileType = sourcecode.c.objc; path = AppDelegate.m; sourceTree = "<group>"; };
		DE67B6F51E1E262D0071161F /* Base */ = {isa = PBXFileReference; lastKnownFileType = file.storyboard; name = Base; path = Base.lproj/Main.storyboard; sourceTree = "<group>"; };
		DE67B6F71E1E262D0071161F /* Assets.xcassets */ = {isa = PBXFileReference; lastKnownFileType = folder.assetcatalog; path = Assets.xcassets; sourceTree = "<group>"; };
		DE67B6FA1E1E262D0071161F /* Base */ = {isa = PBXFileReference; lastKnownFileType = file.storyboard; name = Base; path = Base.lproj/LaunchScreen.storyboard; sourceTree = "<group>"; };
		DE67B6FC1E1E262D0071161F /* Info.plist */ = {isa = PBXFileReference; lastKnownFileType = text.plist.xml; path = Info.plist; sourceTree = "<group>"; };
		DE67B7381E1E28810071161F /* Header.h */ = {isa = PBXFileReference; fileEncoding = 4; lastKnownFileType = sourcecode.c.h; path = Header.h; sourceTree = "<group>"; };
		DE67B7391E1E28A60071161F /* PrefixHeader.pch */ = {isa = PBXFileReference; lastKnownFileType = sourcecode.c.h; path = PrefixHeader.pch; sourceTree = "<group>"; };
		E03F929E398FC1C46BBE1DE2 /* Pods-TestInterface.release.xcconfig */ = {isa = PBXFileReference; includeInIndex = 1; lastKnownFileType = text.xcconfig; name = "Pods-TestInterface.release.xcconfig"; path = "Pods/Target Support Files/Pods-TestInterface/Pods-TestInterface.release.xcconfig"; sourceTree = "<group>"; };
/* End PBXFileReference section */

/* Begin PBXFrameworksBuildPhase section */
		DE67B6E51E1E262C0071161F /* Frameworks */ = {
			isa = PBXFrameworksBuildPhase;
			buildActionMask = 2147483647;
			files = (
				443AA186A09B4C39246B9C44 /* libPods-TestInterface.a in Frameworks */,
			);
			runOnlyForDeploymentPostprocessing = 0;
		};
/* End PBXFrameworksBuildPhase section */

/* Begin PBXGroup section */
		1D56C0ED25A84295D90527A9 /* Frameworks */ = {
			isa = PBXGroup;
			children = (
				9136EE11CA41D8D175C75993 /* libPods-TestInterface.a */,
			);
			name = Frameworks;
			sourceTree = "<group>";
		};
		908DA3261E51BFD20064B5F9 /* Chat */ = {
			isa = PBXGroup;
			children = (
				908DA32A1E51BFEA0064B5F9 /* ListCell.h */,
				908DA32B1E51BFEA0064B5F9 /* ListCell.m */,
				908DA32C1E51BFEA0064B5F9 /* UserModel.h */,
				908DA32D1E51BFEA0064B5F9 /* UserModel.m */,
				908DA3271E51BFD20064B5F9 /* DetailedViewController.h */,
				908DA3281E51BFD20064B5F9 /* DetailedViewController.m */,
			);
			path = Chat;
			sourceTree = "<group>";
		};
		908DA33B1E51CC810064B5F9 /* Managers */ = {
			isa = PBXGroup;
			children = (
				908DA33C1E51CC810064B5F9 /* HttpRequestManager.h */,
				908DA33D1E51CC810064B5F9 /* HttpRequestManager.m */,
				908DA33E1E51CC810064B5F9 /* JsonRWManager.h */,
				908DA33F1E51CC810064B5F9 /* JsonRWManager.m */,
			);
			path = Managers;
			sourceTree = "<group>";
		};
		908DA3401E51CC810064B5F9 /* Request */ = {
			isa = PBXGroup;
			children = (
				908DA3411E51CC810064B5F9 /* HttpRequest.h */,
				908DA3421E51CC810064B5F9 /* HttpRequest.m */,
			);
			path = Request;
			sourceTree = "<group>";
		};
		908DA3511E51CCEE0064B5F9 /* ViewControllers */ = {
			isa = PBXGroup;
			children = (
				908DA3571E51CD130064B5F9 /* BaseTableViewController.h */,
				908DA3581E51CD130064B5F9 /* BaseTableViewController.m */,
				908DA3521E51CCEE0064B5F9 /* Test */,
				908DA3551E51CCEE0064B5F9 /* Tools */,
			);
			path = ViewControllers;
			sourceTree = "<group>";
		};
		908DA3521E51CCEE0064B5F9 /* Test */ = {
			isa = PBXGroup;
			children = (
				908DA35A1E51CD390064B5F9 /* TestTableViewController.h */,
				908DA35B1E51CD390064B5F9 /* TestTableViewController.m */,
				90823CE21E52B68C006E76DD /* JsonSelectViewController.h */,
				90823CE31E52B68C006E76DD /* JsonSelectViewController.m */,
			);
			path = Test;
			sourceTree = "<group>";
		};
		908DA3551E51CCEE0064B5F9 /* Tools */ = {
			isa = PBXGroup;
			children = (
			);
			path = Tools;
			sourceTree = "<group>";
		};
		908DA35D1E51CEA40064B5F9 /* Category */ = {
			isa = PBXGroup;
			children = (
				908DA35E1E51CEC10064B5F9 /* UIButton+Category.h */,
				908DA35F1E51CEC10064B5F9 /* UIButton+Category.m */,
			);
			path = Category;
			sourceTree = "<group>";
		};
		A4D158CA43BCC5FFD153507C /* Pods */ = {
			isa = PBXGroup;
			children = (
				C71EE3BDEC3CD6248AB7B94E /* Pods-TestInterface.debug.xcconfig */,
				E03F929E398FC1C46BBE1DE2 /* Pods-TestInterface.release.xcconfig */,
			);
			name = Pods;
			sourceTree = "<group>";
		};
		DE67B6DF1E1E262C0071161F = {
			isa = PBXGroup;
			children = (
				90823CE01E52A825006E76DD /* ebs.json */,
				DE67B6EA1E1E262D0071161F /* TestInterface */,
				DE67B6E91E1E262D0071161F /* Products */,
				A4D158CA43BCC5FFD153507C /* Pods */,
				1D56C0ED25A84295D90527A9 /* Frameworks */,
			);
			sourceTree = "<group>";
		};
		DE67B6E91E1E262D0071161F /* Products */ = {
			isa = PBXGroup;
			children = (
				DE67B6E81E1E262D0071161F /* TestInterface.app */,
			);
			name = Products;
			sourceTree = "<group>";
		};
		DE67B6EA1E1E262D0071161F /* TestInterface */ = {
			isa = PBXGroup;
			children = (
				908DA35D1E51CEA40064B5F9 /* Category */,
				908DA3511E51CCEE0064B5F9 /* ViewControllers */,
				908DA33B1E51CC810064B5F9 /* Managers */,
				908DA3401E51CC810064B5F9 /* Request */,
				908DA3261E51BFD20064B5F9 /* Chat */,
				908DA3231E51BFC80064B5F9 /* MainViewController.h */,
				908DA3241E51BFC80064B5F9 /* MainViewController.m */,
				DE67B6EE1E1E262D0071161F /* AppDelegate.h */,
				DE67B6EF1E1E262D0071161F /* AppDelegate.m */,
				DE67B6F41E1E262D0071161F /* Main.storyboard */,
				DE67B6F71E1E262D0071161F /* Assets.xcassets */,
				DE67B6F91E1E262D0071161F /* LaunchScreen.storyboard */,
				DE67B7391E1E28A60071161F /* PrefixHeader.pch */,
				DE67B7381E1E28810071161F /* Header.h */,
				DE67B6FC1E1E262D0071161F /* Info.plist */,
				DE67B6EB1E1E262D0071161F /* Supporting Files */,
			);
			path = TestInterface;
			sourceTree = "<group>";
		};
		DE67B6EB1E1E262D0071161F /* Supporting Files */ = {
			isa = PBXGroup;
			children = (
				DE67B6EC1E1E262D0071161F /* main.m */,
			);
			name = "Supporting Files";
			sourceTree = "<group>";
		};
/* End PBXGroup section */

/* Begin PBXNativeTarget section */
		DE67B6E71E1E262C0071161F /* TestInterface */ = {
			isa = PBXNativeTarget;
			buildConfigurationList = DE67B6FF1E1E262D0071161F /* Build configuration list for PBXNativeTarget "TestInterface" */;
			buildPhases = (
				F9D149197A80119A8277DE63 /* [CP] Check Pods Manifest.lock */,
				DE67B6E41E1E262C0071161F /* Sources */,
				DE67B6E51E1E262C0071161F /* Frameworks */,
				DE67B6E61E1E262C0071161F /* Resources */,
				DEB73E4DEFB2A3D2396EF93C /* [CP] Embed Pods Frameworks */,
				A20978F4E9B82A5EB2F9268B /* [CP] Copy Pods Resources */,
			);
			buildRules = (
			);
			dependencies = (
			);
			name = TestInterface;
			productName = TestInterface;
			productReference = DE67B6E81E1E262D0071161F /* TestInterface.app */;
			productType = "com.apple.product-type.application";
		};
/* End PBXNativeTarget section */

/* Begin PBXProject section */
		DE67B6E01E1E262C0071161F /* Project object */ = {
			isa = PBXProject;
			attributes = {
				LastUpgradeCheck = 0820;
				ORGANIZATIONNAME = JYT;
				TargetAttributes = {
					DE67B6E71E1E262C0071161F = {
						CreatedOnToolsVersion = 8.2;
						DevelopmentTeam = 499WYUV8Q2;
						ProvisioningStyle = Automatic;
					};
				};
			};
			buildConfigurationList = DE67B6E31E1E262C0071161F /* Build configuration list for PBXProject "TestInterface" */;
			compatibilityVersion = "Xcode 3.2";
			developmentRegion = English;
			hasScannedForEncodings = 0;
			knownRegions = (
				en,
				Base,
			);
			mainGroup = DE67B6DF1E1E262C0071161F;
			productRefGroup = DE67B6E91E1E262D0071161F /* Products */;
			projectDirPath = "";
			projectRoot = "";
			targets = (
				DE67B6E71E1E262C0071161F /* TestInterface */,
			);
		};
/* End PBXProject section */

/* Begin PBXResourcesBuildPhase section */
		DE67B6E61E1E262C0071161F /* Resources */ = {
			isa = PBXResourcesBuildPhase;
			buildActionMask = 2147483647;
			files = (
				DE67B6FB1E1E262D0071161F /* LaunchScreen.storyboard in Resources */,
				DE67B6F81E1E262D0071161F /* Assets.xcassets in Resources */,
				DE67B6F61E1E262D0071161F /* Main.storyboard in Resources */,
				90823CE11E52A825006E76DD /* ebs.json in Resources */,
			);
			runOnlyForDeploymentPostprocessing = 0;
		};
/* End PBXResourcesBuildPhase section */

/* Begin PBXShellScriptBuildPhase section */
		A20978F4E9B82A5EB2F9268B /* [CP] Copy Pods Resources */ = {
			isa = PBXShellScriptBuildPhase;
			buildActionMask = 2147483647;
			files = (
			);
			inputPaths = (
			);
			name = "[CP] Copy Pods Resources";
			outputPaths = (
			);
			runOnlyForDeploymentPostprocessing = 0;
			shellPath = /bin/sh;
			shellScript = "\"${SRCROOT}/Pods/Target Support Files/Pods-TestInterface/Pods-TestInterface-resources.sh\"\n";
			showEnvVarsInLog = 0;
		};
		DEB73E4DEFB2A3D2396EF93C /* [CP] Embed Pods Frameworks */ = {
			isa = PBXShellScriptBuildPhase;
			buildActionMask = 2147483647;
			files = (
			);
			inputPaths = (
			);
			name = "[CP] Embed Pods Frameworks";
			outputPaths = (
			);
			runOnlyForDeploymentPostprocessing = 0;
			shellPath = /bin/sh;
			shellScript = "\"${SRCROOT}/Pods/Target Support Files/Pods-TestInterface/Pods-TestInterface-frameworks.sh\"\n";
			showEnvVarsInLog = 0;
		};
		F9D149197A80119A8277DE63 /* [CP] Check Pods Manifest.lock */ = {
			isa = PBXShellScriptBuildPhase;
			buildActionMask = 2147483647;
			files = (
			);
			inputPaths = (
			);
			name = "[CP] Check Pods Manifest.lock";
			outputPaths = (
			);
			runOnlyForDeploymentPostprocessing = 0;
			shellPath = /bin/sh;
			shellScript = "diff \"${PODS_ROOT}/../Podfile.lock\" \"${PODS_ROOT}/Manifest.lock\" > /dev/null\nif [[ $? != 0 ]] ; then\n    cat << EOM\nerror: The sandbox is not in sync with the Podfile.lock. Run 'pod install' or update your CocoaPods installation.\nEOM\n    exit 1\nfi\n";
			showEnvVarsInLog = 0;
		};
/* End PBXShellScriptBuildPhase section */

/* Begin PBXSourcesBuildPhase section */
		DE67B6E41E1E262C0071161F /* Sources */ = {
			isa = PBXSourcesBuildPhase;
			buildActionMask = 2147483647;
			files = (
				908DA3481E51CC810064B5F9 /* JsonRWManager.m in Sources */,
				908DA3491E51CC810064B5F9 /* HttpRequest.m in Sources */,
				908DA35C1E51CD390064B5F9 /* TestTableViewController.m in Sources */,
				908DA32E1E51BFEA0064B5F9 /* ListCell.m in Sources */,
				DE67B6F01E1E262D0071161F /* AppDelegate.m in Sources */,
				DE67B6ED1E1E262D0071161F /* main.m in Sources */,
				908DA3251E51BFC80064B5F9 /* MainViewController.m in Sources */,
				90823CE41E52B68C006E76DD /* JsonSelectViewController.m in Sources */,
				908DA3591E51CD130064B5F9 /* BaseTableViewController.m in Sources */,
				908DA3291E51BFD20064B5F9 /* DetailedViewController.m in Sources */,
				908DA3601E51CEC10064B5F9 /* UIButton+Category.m in Sources */,
				908DA32F1E51BFEA0064B5F9 /* UserModel.m in Sources */,
				908DA3471E51CC810064B5F9 /* HttpRequestManager.m in Sources */,
			);
			runOnlyForDeploymentPostprocessing = 0;
		};
/* End PBXSourcesBuildPhase section */

/* Begin PBXVariantGroup section */
		DE67B6F41E1E262D0071161F /* Main.storyboard */ = {
			isa = PBXVariantGroup;
			children = (
				DE67B6F51E1E262D0071161F /* Base */,
			);
			name = Main.storyboard;
			sourceTree = "<group>";
		};
		DE67B6F91E1E262D0071161F /* LaunchScreen.storyboard */ = {
			isa = PBXVariantGroup;
			children = (
				DE67B6FA1E1E262D0071161F /* Base */,
			);
			name = LaunchScreen.storyboard;
			sourceTree = "<group>";
		};
/* End PBXVariantGroup section */

/* Begin XCBuildConfiguration section */
		DE67B6FD1E1E262D0071161F /* Debug */ = {
			isa = XCBuildConfiguration;
			buildSettings = {
				ALWAYS_SEARCH_USER_PATHS = NO;
				CLANG_ANALYZER_NONNULL = YES;
				CLANG_CXX_LANGUAGE_STANDARD = "gnu++0x";
				CLANG_CXX_LIBRARY = "libc++";
				CLANG_ENABLE_MODULES = YES;
				CLANG_ENABLE_OBJC_ARC = YES;
				CLANG_WARN_BOOL_CONVERSION = YES;
				CLANG_WARN_CONSTANT_CONVERSION = YES;
				CLANG_WARN_DIRECT_OBJC_ISA_USAGE = YES_ERROR;
				CLANG_WARN_DOCUMENTATION_COMMENTS = YES;
				CLANG_WARN_EMPTY_BODY = YES;
				CLANG_WARN_ENUM_CONVERSION = YES;
				CLANG_WARN_INFINITE_RECURSION = YES;
				CLANG_WARN_INT_CONVERSION = YES;
				CLANG_WARN_OBJC_ROOT_CLASS = YES_ERROR;
				CLANG_WARN_SUSPICIOUS_MOVE = YES;
				CLANG_WARN_UNREACHABLE_CODE = YES;
				CLANG_WARN__DUPLICATE_METHOD_MATCH = YES;
				CODE_SIGN_IDENTITY = "iPhone Developer";
				"CODE_SIGN_IDENTITY[sdk=iphoneos*]" = "iPhone Developer";
				COPY_PHASE_STRIP = NO;
				DEBUG_INFORMATION_FORMAT = dwarf;
				ENABLE_STRICT_OBJC_MSGSEND = YES;
				ENABLE_TESTABILITY = YES;
				GCC_C_LANGUAGE_STANDARD = gnu99;
				GCC_DYNAMIC_NO_PIC = NO;
				GCC_NO_COMMON_BLOCKS = YES;
				GCC_OPTIMIZATION_LEVEL = 0;
				GCC_PREPROCESSOR_DEFINITIONS = (
					"DEBUG=1",
					"$(inherited)",
				);
				GCC_WARN_64_TO_32_BIT_CONVERSION = YES;
				GCC_WARN_ABOUT_RETURN_TYPE = YES_ERROR;
				GCC_WARN_UNDECLARED_SELECTOR = YES;
				GCC_WARN_UNINITIALIZED_AUTOS = YES_AGGRESSIVE;
				GCC_WARN_UNUSED_FUNCTION = YES;
				GCC_WARN_UNUSED_VARIABLE = YES;
				IPHONEOS_DEPLOYMENT_TARGET = 9.0;
				MTL_ENABLE_DEBUG_INFO = YES;
				ONLY_ACTIVE_ARCH = YES;
				SDKROOT = iphoneos;
			};
			name = Debug;
		};
		DE67B6FE1E1E262D0071161F /* Release */ = {
			isa = XCBuildConfiguration;
			buildSettings = {
				ALWAYS_SEARCH_USER_PATHS = NO;
				CLANG_ANALYZER_NONNULL = YES;
				CLANG_CXX_LANGUAGE_STANDARD = "gnu++0x";
				CLANG_CXX_LIBRARY = "libc++";
				CLANG_ENABLE_MODULES = YES;
				CLANG_ENABLE_OBJC_ARC = YES;
				CLANG_WARN_BOOL_CONVERSION = YES;
				CLANG_WARN_CONSTANT_CONVERSION = YES;
				CLANG_WARN_DIRECT_OBJC_ISA_USAGE = YES_ERROR;
				CLANG_WARN_DOCUMENTATION_COMMENTS = YES;
				CLANG_WARN_EMPTY_BODY = YES;
				CLANG_WARN_ENUM_CONVERSION = YES;
				CLANG_WARN_INFINITE_RECURSION = YES;
				CLANG_WARN_INT_CONVERSION = YES;
				CLANG_WARN_OBJC_ROOT_CLASS = YES_ERROR;
				CLANG_WARN_SUSPICIOUS_MOVE = YES;
				CLANG_WARN_UNREACHABLE_CODE = YES;
				CLANG_WARN__DUPLICATE_METHOD_MATCH = YES;
				CODE_SIGN_IDENTITY = "iPhone Developer";
				"CODE_SIGN_IDENTITY[sdk=iphoneos*]" = "iPhone Developer";
				COPY_PHASE_STRIP = NO;
				DEBUG_INFORMATION_FORMAT = "dwarf-with-dsym";
				ENABLE_NS_ASSERTIONS = NO;
				ENABLE_STRICT_OBJC_MSGSEND = YES;
				GCC_C_LANGUAGE_STANDARD = gnu99;
				GCC_NO_COMMON_BLOCKS = YES;
				GCC_WARN_64_TO_32_BIT_CONVERSION = YES;
				GCC_WARN_ABOUT_RETURN_TYPE = YES_ERROR;
				GCC_WARN_UNDECLARED_SELECTOR = YES;
				GCC_WARN_UNINITIALIZED_AUTOS = YES_AGGRESSIVE;
				GCC_WARN_UNUSED_FUNCTION = YES;
				GCC_WARN_UNUSED_VARIABLE = YES;
				IPHONEOS_DEPLOYMENT_TARGET = 9.0;
				MTL_ENABLE_DEBUG_INFO = NO;
				SDKROOT = iphoneos;
				VALIDATE_PRODUCT = YES;
			};
			name = Release;
		};
		DE67B7001E1E262D0071161F /* Debug */ = {
			isa = XCBuildConfiguration;
			baseConfigurationReference = C71EE3BDEC3CD6248AB7B94E /* Pods-TestInterface.debug.xcconfig */;
			buildSettings = {
				ASSETCATALOG_COMPILER_APPICON_NAME = AppIcon;
				CODE_SIGN_IDENTITY = "iPhone Developer";
				DEVELOPMENT_TEAM = 499WYUV8Q2;
				GCC_PRECOMPILE_PREFIX_HEADER = YES;
				GCC_PREFIX_HEADER = "$(SRCROOT)/TestInterface/PrefixHeader.pch";
				INFOPLIST_FILE = TestInterface/Info.plist;
				LD_RUNPATH_SEARCH_PATHS = "$(inherited) @executable_path/Frameworks";
				PRODUCT_BUNDLE_IDENTIFIER = com.easemob.enterprise.demo.ui;
				PRODUCT_NAME = "$(TARGET_NAME)";
			};
			name = Debug;
		};
		DE67B7011E1E262D0071161F /* Release */ = {
			isa = XCBuildConfiguration;
			baseConfigurationReference = E03F929E398FC1C46BBE1DE2 /* Pods-TestInterface.release.xcconfig */;
			buildSettings = {
				ASSETCATALOG_COMPILER_APPICON_NAME = AppIcon;
				CODE_SIGN_IDENTITY = "iPhone Developer";
				DEVELOPMENT_TEAM = 499WYUV8Q2;
				GCC_PRECOMPILE_PREFIX_HEADER = YES;
				GCC_PREFIX_HEADER = "$(SRCROOT)/TestInterface/PrefixHeader.pch";
				INFOPLIST_FILE = TestInterface/Info.plist;
				LD_RUNPATH_SEARCH_PATHS = "$(inherited) @executable_path/Frameworks";
				PRODUCT_BUNDLE_IDENTIFIER = com.easemob.enterprise.demo.ui;
				PRODUCT_NAME = "$(TARGET_NAME)";
			};
			name = Release;
		};
/* End XCBuildConfiguration section */

/* Begin XCConfigurationList section */
		DE67B6E31E1E262C0071161F /* Build configuration list for PBXProject "TestInterface" */ = {
			isa = XCConfigurationList;
			buildConfigurations = (
				DE67B6FD1E1E262D0071161F /* Debug */,
				DE67B6FE1E1E262D0071161F /* Release */,
			);
			defaultConfigurationIsVisible = 0;
			defaultConfigurationName = Release;
		};
		DE67B6FF1E1E262D0071161F /* Build configuration list for PBXNativeTarget "TestInterface" */ = {
			isa = XCConfigurationList;
			buildConfigurations = (
				DE67B7001E1E262D0071161F /* Debug */,
				DE67B7011E1E262D0071161F /* Release */,
			);
			defaultConfigurationIsVisible = 0;
			defaultConfigurationName = Release;
		};
/* End XCConfigurationList section */
	};
	rootObject = DE67B6E01E1E262C0071161F /* Project object */;
}
